
Microsoft Visual Studio Solution File, Format Version 12.00
# Visual Studio Version 17
VisualStudioVersion = 17.6.33712.159
MinimumVisualStudioVersion = 10.0.40219.1
Project("{9A19103F-16F7-4668-BE54-9A1E7A4F7556}") = "CustomCMD", "CustomCMD.csproj", "{34EAE1CB-BCCB-4656-9326-B16E33CB6E7F}"
EndProject
Project("{2150E333-8FDC-42A3-9474-1A3956D46DE8}") = "Solution Items", "Solution Items", "{80CB0E5F-BB67-4030-B530-4F9B612F3A6D}"
EndProject
Global
	GlobalSection(SolutionConfigurationPlatforms) = preSolution
		Debug|Any CPU = Debug|Any CPU
		Release|Any CPU = Release|Any CPU
	EndGlobalSection
	GlobalSection(ProjectConfigurationPlatforms) = postSolution
		{34EAE1CB-BCCB-4656-9326-B16E33CB6E7F}.Debug|Any CPU.ActiveCfg = Debug|Any CPU
		{34EAE1CB-BCCB-4656-9326-B16E33CB6E7F}.Debug|Any CPU.Build.0 = Debug|Any CPU
		{34EAE1CB-BCCB-4656-9326-B16E33CB6E7F}.Release|Any CPU.ActiveCfg = Release|Any CPU
		{34EAE1CB-BCCB-4656-9326-B16E33CB6E7F}.Release|Any CPU.Build.0 = Release|Any CPU
	EndGlobalSection
	GlobalSection(SolutionProperties) = preSolution
		HideSolutionNode = FALSE
	EndGlobalSection
	GlobalSection(ExtensibilityGlobals) = postSolution
		SolutionGuid = {0276A4DB-292A-4073-A4D5-3EDE3EBCDFD5}
	EndGlobalSection
EndGlobal
